
Microsoft Visual Studio Solution File, Format Version 12.00
# Visual Studio Version 17
VisualStudioVersion = 17.14.36623.8 d17.14
MinimumVisualStudioVersion = 10.0.40219.1
Project("{FAE04EC0-301F-11D3-BF4B-00C04F79EFBC}") = "MvcDemo", "MvcDemo\MvcDemo.csproj", "{0EB9E656-9704-418D-B5E5-01621746F003}"
EndProject
Global
	GlobalSection(SolutionConfigurationPlatforms) = preSolution
		Debug|Any CPU = Debug|Any CPU
		Release|Any CPU = Release|Any CPU
	EndGlobalSection
	GlobalSection(ProjectConfigurationPlatforms) = postSolution
		{0EB9E656-9704-418D-B5E5-01621746F003}.Debug|Any CPU.ActiveCfg = Debug|Any CPU
		{0EB9E656-9704-418D-B5E5-01621746F003}.Debug|Any CPU.Build.0 = Debug|Any CPU
		{0EB9E656-9704-418D-B5E5-01621746F003}.Release|Any CPU.ActiveCfg = Release|Any CPU
		{0EB9E656-9704-418D-B5E5-01621746F003}.Release|Any CPU.Build.0 = Release|Any CPU
	EndGlobalSection
	GlobalSection(SolutionProperties) = preSolution
		HideSolutionNode = FALSE
	EndGlobalSection
	GlobalSection(ExtensibilityGlobals) = postSolution
		SolutionGuid = {F444AF28-A011-4E92-9613-37E2493C6BC1}
	EndGlobalSection
EndGlobal
